
Microsoft Visual Studio Solution File, Format Version 12.00
# Visual Studio Version 17
VisualStudioVersion = 17.0.32126.317
MinimumVisualStudioVersion = 10.0.40219.1
Project("{FAE04EC0-301F-11D3-BF4B-00C04F79EFBC}") = "NetCoreTest", "NetCoreTest\NetCoreTest.csproj", "{1DBDBD06-1DCF-4333-9A35-013A6B6B7CFA}"
EndProject
Global
	GlobalSection(SolutionConfigurationPlatforms) = preSolution
		Debug|Any CPU = Debug|Any CPU
		Release|Any CPU = Release|Any CPU
	EndGlobalSection
	GlobalSection(ProjectConfigurationPlatforms) = postSolution
		{1DBDBD06-1DCF-4333-9A35-013A6B6B7CFA}.Debug|Any CPU.ActiveCfg = Debug|Any CPU
		{1DBDBD06-1DCF-4333-9A35-013A6B6B7CFA}.Debug|Any CPU.Build.0 = Debug|Any CPU
		{1DBDBD06-1DCF-4333-9A35-013A6B6B7CFA}.Release|Any CPU.ActiveCfg = Release|Any CPU
		{1DBDBD06-1DCF-4333-9A35-013A6B6B7CFA}.Release|Any CPU.Build.0 = Release|Any CPU
	EndGlobalSection
	GlobalSection(SolutionProperties) = preSolution
		HideSolutionNode = FALSE
	EndGlobalSection
	GlobalSection(ExtensibilityGlobals) = postSolution
		SolutionGuid = {CFEB8225-C816-4D5B-BE33-3F9E4904E320}
	EndGlobalSection
EndGlobal
